
Microsoft Visual Studio Solution File, Format Version 12.00
# Visual Studio 15
VisualStudioVersion = 15.0.28307.572
MinimumVisualStudioVersion = 10.0.40219.1
Project("{8BC9CEB8-8B4A-11D0-8D11-00A0C91BC942}") = "dcap_provider", "dcap_provider.vcxproj", "{AAA37DF8-87A5-40E9-B0DF-8919D5E92533}"
EndProject
Global
	GlobalSection(SolutionConfigurationPlatforms) = preSolution
		Debug|x64 = Debug|x64
		Release|x64 = Release|x64
	EndGlobalSection
	GlobalSection(ProjectConfigurationPlatforms) = postSolution
		{AAA37DF8-87A5-40E9-B0DF-8919D5E92533}.Debug|x64.ActiveCfg = Debug|x64
		{AAA37DF8-87A5-40E9-B0DF-8919D5E92533}.Debug|x64.Build.0 = Debug|x64
		{AAA37DF8-87A5-40E9-B0DF-8919D5E92533}.Release|x64.ActiveCfg = Release|x64
		{AAA37DF8-87A5-40E9-B0DF-8919D5E92533}.Release|x64.Build.0 = Release|x64
	EndGlobalSection
	GlobalSection(SolutionProperties) = preSolution
		HideSolutionNode = FALSE
	EndGlobalSection
	GlobalSection(ExtensibilityGlobals) = postSolution
		SolutionGuid = {3BDE5D81-5E5E-49F4-8AE2-8FB8A6A9A8BB}
	EndGlobalSection
EndGlobal
